{
  "name": "@apjs/dynamic",
  "version": "2.0.1",
  "lockfileVersion": 2,
  "requires": true,
  "packages": {
    "": {
      "name": "@apjs/dynamic",
      "version": "2.0.1",
      "license": "MIT",
      "dependencies": {
        "@apjs/vector": "^2.0.1",
        "typescript": "^4.6.3"
      }
    },
    "node_modules/@apjs/vector": {
      "version": "2.0.1",
      "resolved": "https://registry.npmjs.org/@apjs/vector/-/vector-2.0.1.tgz",
      "integrity": "sha512-vYlkjXGRpKjcp9efe8lwyB12NuE4P4MTzTTSLk1aYtsDWaRTaivrpLtJQgsZVaT32nzYlQWwEsMr8ExNfmY5zg==",
      "dependencies": {
        "typescript": "^4.6.3"
      }
    },
    "node_modules/typescript": {
      "version": "4.6.3",
      "resolved": "https://registry.npmjs.org/typescript/-/typescript-4.6.3.tgz",
      "integrity": "sha512-yNIatDa5iaofVozS/uQJEl3JRWLKKGJKh6Yaiv0GLGSuhpFJe7P3SbHZ8/yjAHRQwKRoA6YZqlfjXWmVzoVSMw==",
      "bin": {
        "tsc": "bin/tsc",
        "tsserver": "bin/tsserver"
      },
      "engines": {
        "node": ">=4.2.0"
      }
    }
  },
  "dependencies": {
    "@apjs/vector": {
      "version": "2.0.1",
      "resolved": "https://registry.npmjs.org/@apjs/vector/-/vector-2.0.1.tgz",
      "integrity": "sha512-vYlkjXGRpKjcp9efe8lwyB12NuE4P4MTzTTSLk1aYtsDWaRTaivrpLtJQgsZVaT32nzYlQWwEsMr8ExNfmY5zg==",
      "requires": {
        "typescript": "^4.6.3"
      }
    },
    "typescript": {
      "version": "4.6.3",
      "resolved": "https://registry.npmjs.org/typescript/-/typescript-4.6.3.tgz",
      "integrity": "sha512-yNIatDa5iaofVozS/uQJEl3JRWLKKGJKh6Yaiv0GLGSuhpFJe7P3SbHZ8/yjAHRQwKRoA6YZqlfjXWmVzoVSMw=="
    }
  }
}
